
Microsoft Visual Studio Solution File, Format Version 12.00
# Visual Studio 15
VisualStudioVersion = 15.0.28307.572
MinimumVisualStudioVersion = 10.0.40219.1
Project("{FAE04EC0-301F-11D3-BF4B-00C04F79EFBC}") = "WebApplication1", "WebApplication1\WebApplication1.csproj", "{5B55B553-6A81-4441-B2AE-E79787D98CCE}"
EndProject
Global
	GlobalSection(SolutionConfigurationPlatforms) = preSolution
		Debug|Any CPU = Debug|Any CPU
		Release|Any CPU = Release|Any CPU
	EndGlobalSection
	GlobalSection(ProjectConfigurationPlatforms) = postSolution
		{5B55B553-6A81-4441-B2AE-E79787D98CCE}.Debug|Any CPU.ActiveCfg = Debug|Any CPU
		{5B55B553-6A81-4441-B2AE-E79787D98CCE}.Debug|Any CPU.Build.0 = Debug|Any CPU
		{5B55B553-6A81-4441-B2AE-E79787D98CCE}.Release|Any CPU.ActiveCfg = Release|Any CPU
		{5B55B553-6A81-4441-B2AE-E79787D98CCE}.Release|Any CPU.Build.0 = Release|Any CPU
	EndGlobalSection
	GlobalSection(SolutionProperties) = preSolution
		HideSolutionNode = FALSE
	EndGlobalSection
	GlobalSection(ExtensibilityGlobals) = postSolution
		SolutionGuid = {7F051F2C-EF8A-4FA6-95FA-0CEE98547A31}
	EndGlobalSection
EndGlobal
